// !$*UTF8*$!
{
	archiveVersion = 1;
	classes = {
	};
	objectVersion = 52;
	objects = {

/* Begin PBXBuildFile section */
		6C8D2AFA252AC56E007B85DC /* AppDelegate.swift in Sources */ = {isa = PBXBuildFile; fileRef = 6C8D2AF9252AC56E007B85DC /* AppDelegate.swift */; };
		6C8D2AFC252AC56E007B85DC /* SceneDelegate.swift in Sources */ = {isa = PBXBuildFile; fileRef = 6C8D2AFB252AC56E007B85DC /* SceneDelegate.swift */; };
		6C8D2AFE252AC56E007B85DC /* ViewController.swift in Sources */ = {isa = PBXBuildFile; fileRef = 6C8D2AFD252AC56E007B85DC /* ViewController.swift */; };
		6C8D2B01252AC56E007B85DC /* Main.storyboard in Resources */ = {isa = PBXBuildFile; fileRef = 6C8D2AFF252AC56E007B85DC /* Main.storyboard */; };
		6C8D2B03252AC570007B85DC /* Assets.xcassets in Resources */ = {isa = PBXBuildFile; fileRef = 6C8D2B02252AC570007B85DC /* Assets.xcassets */; };
		6C8D2B06252AC570007B85DC /* LaunchScreen.storyboard in Resources */ = {isa = PBXBuildFile; fileRef = 6C8D2B04252AC570007B85DC /* LaunchScreen.storyboard */; };
		6C8D2B44252D5CE7007B85DC /* Onboarding.storyboard in Resources */ = {isa = PBXBuildFile; fileRef = 6C8D2B43252D5CE7007B85DC /* Onboarding.storyboard */; };
		6C8D2B48252D5D7A007B85DC /* Order.storyboard in Resources */ = {isa = PBXBuildFile; fileRef = 6C8D2B47252D5D7A007B85DC /* Order.storyboard */; };
		6C8D2B4C252D76BE007B85DC /* InventoryViewController.swift in Sources */ = {isa = PBXBuildFile; fileRef = 6C8D2B4B252D76BE007B85DC /* InventoryViewController.swift */; };
		6C8D2B4E252EB671007B85DC /* OrderVC.swift in Sources */ = {isa = PBXBuildFile; fileRef = 6C8D2B4D252EB671007B85DC /* OrderVC.swift */; };
		6C8D2B7F253D2F6F007B85DC /* Profile.storyboard in Resources */ = {isa = PBXBuildFile; fileRef = 6C8D2B7E253D2F6F007B85DC /* Profile.storyboard */; };
		6C8D2B81253D2F88007B85DC /* Inventory.storyboard in Resources */ = {isa = PBXBuildFile; fileRef = 6C8D2B80253D2F88007B85DC /* Inventory.storyboard */; };
		6C8D2B86253DDBDA007B85DC /* product.swift in Sources */ = {isa = PBXBuildFile; fileRef = 6C8D2B84253DDBDA007B85DC /* product.swift */; };
		6C8D2B87253DDBDA007B85DC /* product.xib in Resources */ = {isa = PBXBuildFile; fileRef = 6C8D2B85253DDBDA007B85DC /* product.xib */; };
		6CA03B5B253FD5FB0055A29C /* OrderTableViewCell.swift in Sources */ = {isa = PBXBuildFile; fileRef = 6CA03B59253FD5FB0055A29C /* OrderTableViewCell.swift */; };
		6CA03B5C253FD5FB0055A29C /* OrderTableViewCell.xib in Resources */ = {isa = PBXBuildFile; fileRef = 6CA03B5A253FD5FB0055A29C /* OrderTableViewCell.xib */; };
		6CA03B5E253FF04B0055A29C /* InventoryTableVC.swift in Sources */ = {isa = PBXBuildFile; fileRef = 6CA03B5D253FF04B0055A29C /* InventoryTableVC.swift */; };
		6CA03B602540B6500055A29C /* ChooseOrderVC.swift in Sources */ = {isa = PBXBuildFile; fileRef = 6CA03B5F2540B6500055A29C /* ChooseOrderVC.swift */; };
		6CA03B632540B7030055A29C /* ChooseOrderCell.swift in Sources */ = {isa = PBXBuildFile; fileRef = 6CA03B612540B7030055A29C /* ChooseOrderCell.swift */; };
		6CA03B642540B7030055A29C /* ChooseOrderCell.xib in Resources */ = {isa = PBXBuildFile; fileRef = 6CA03B622540B7030055A29C /* ChooseOrderCell.xib */; };
		6CA03B662541280E0055A29C /* BestSellerTableVC.swift in Sources */ = {isa = PBXBuildFile; fileRef = 6CA03B652541280E0055A29C /* BestSellerTableVC.swift */; };
		6CA03B68254128240055A29C /* FavoritesTableVC.swift in Sources */ = {isa = PBXBuildFile; fileRef = 6CA03B67254128240055A29C /* FavoritesTableVC.swift */; };
		6CA03B6A2541283F0055A29C /* LowOnStockTableVC.swift in Sources */ = {isa = PBXBuildFile; fileRef = 6CA03B692541283F0055A29C /* LowOnStockTableVC.swift */; };
		6CA03B6C25412E690055A29C /* addProductViewController.swift in Sources */ = {isa = PBXBuildFile; fileRef = 6CA03B6B25412E690055A29C /* addProductViewController.swift */; };
		6CF436E5254672DF006F010D /* orderBuyersVC.swift in Sources */ = {isa = PBXBuildFile; fileRef = 6CF436E4254672DF006F010D /* orderBuyersVC.swift */; };
		6CF436E82546767D006F010D /* orderBuyerCell.swift in Sources */ = {isa = PBXBuildFile; fileRef = 6CF436E62546767D006F010D /* orderBuyerCell.swift */; };
		6CF436E92546767D006F010D /* orderBuyerCell.xib in Resources */ = {isa = PBXBuildFile; fileRef = 6CF436E72546767D006F010D /* orderBuyerCell.xib */; };
		6CF436EC25467D3C006F010D /* orderListCell.swift in Sources */ = {isa = PBXBuildFile; fileRef = 6CF436EA25467D3C006F010D /* orderListCell.swift */; };
		6CF436ED25467D3C006F010D /* orderListCell.xib in Resources */ = {isa = PBXBuildFile; fileRef = 6CF436EB25467D3C006F010D /* orderListCell.xib */; };
		6CF436F0254681A0006F010D /* orderBuyerCell2.swift in Sources */ = {isa = PBXBuildFile; fileRef = 6CF436EE254681A0006F010D /* orderBuyerCell2.swift */; };
		6CF436F1254681A0006F010D /* orderBuyerCell2.xib in Resources */ = {isa = PBXBuildFile; fileRef = 6CF436EF254681A0006F010D /* orderBuyerCell2.xib */; };
		6CF436F425472435006F010D /* OrderBuyerInformationCell.swift in Sources */ = {isa = PBXBuildFile; fileRef = 6CF436F225472435006F010D /* OrderBuyerInformationCell.swift */; };
		6CF436F525472435006F010D /* OrderBuyerInformationCell.xib in Resources */ = {isa = PBXBuildFile; fileRef = 6CF436F325472435006F010D /* OrderBuyerInformationCell.xib */; };
		6CF436F725472962006F010D /* OrderDetailVC.swift in Sources */ = {isa = PBXBuildFile; fileRef = 6CF436F625472962006F010D /* OrderDetailVC.swift */; };
		6CF436FA2547B8C1006F010D /* buttonNextCell.swift in Sources */ = {isa = PBXBuildFile; fileRef = 6CF436F82547B8C1006F010D /* buttonNextCell.swift */; };
		6CF436FB2547B8C1006F010D /* buttonNextCell.xib in Resources */ = {isa = PBXBuildFile; fileRef = 6CF436F92547B8C1006F010D /* buttonNextCell.xib */; };
		6CF43702254F7433006F010D /* Alamofire in Frameworks */ = {isa = PBXBuildFile; productRef = 6CF43701254F7433006F010D /* Alamofire */; };
		6CF43725254FAD42006F010D /* ModelLogin.swift in Sources */ = {isa = PBXBuildFile; fileRef = 6CF43724254FAD42006F010D /* ModelLogin.swift */; };
		6CF43727254FAD76006F010D /* LoginVC.swift in Sources */ = {isa = PBXBuildFile; fileRef = 6CF43726254FAD76006F010D /* LoginVC.swift */; };
		6CF43729254FADA6006F010D /* ModelRegister.swift in Sources */ = {isa = PBXBuildFile; fileRef = 6CF43728254FADA6006F010D /* ModelRegister.swift */; };
		6CF4372B254FADE6006F010D /* RegisterVC.swift in Sources */ = {isa = PBXBuildFile; fileRef = 6CF4372A254FADE6006F010D /* RegisterVC.swift */; };
		6CF4372C254FAF9C006F010D /* APIManager.swift in Sources */ = {isa = PBXBuildFile; fileRef = 6CF43713254FA550006F010D /* APIManager.swift */; };
		BF0EE304255243F800DBB23A /* HomeTabBarVC.swift in Sources */ = {isa = PBXBuildFile; fileRef = BF0EE303255243F800DBB23A /* HomeTabBarVC.swift */; };
		BF464C0D2550F96800F6EB8F /* Helper.swift in Sources */ = {isa = PBXBuildFile; fileRef = BF464C0C2550F96800F6EB8F /* Helper.swift */; };
		BF6CC66D25428B2800D634EF /* LoginEcommerce.storyboard in Resources */ = {isa = PBXBuildFile; fileRef = BF6CC66C25428B2800D634EF /* LoginEcommerce.storyboard */; };
		BF6CC67025428B9900D634EF /* ProfileVC.swift in Sources */ = {isa = PBXBuildFile; fileRef = BF6CC66F25428B9900D634EF /* ProfileVC.swift */; };
		BF6CC67425428BAF00D634EF /* LoginEcommerceVC.swift in Sources */ = {isa = PBXBuildFile; fileRef = BF6CC67325428BAF00D634EF /* LoginEcommerceVC.swift */; };
		BF6CC6782547EB6300D634EF /* SettingVC.swift in Sources */ = {isa = PBXBuildFile; fileRef = BF6CC6772547EB6300D634EF /* SettingVC.swift */; };
/* End PBXBuildFile section */

/* Begin PBXFileReference section */
		6C8D2AF6252AC56E007B85DC /* Imanage.app */ = {isa = PBXFileReference; explicitFileType = wrapper.application; includeInIndex = 0; path = Imanage.app; sourceTree = BUILT_PRODUCTS_DIR; };
		6C8D2AF9252AC56E007B85DC /* AppDelegate.swift */ = {isa = PBXFileReference; lastKnownFileType = sourcecode.swift; path = AppDelegate.swift; sourceTree = "<group>"; };
		6C8D2AFB252AC56E007B85DC /* SceneDelegate.swift */ = {isa = PBXFileReference; lastKnownFileType = sourcecode.swift; path = SceneDelegate.swift; sourceTree = "<group>"; };
		6C8D2AFD252AC56E007B85DC /* ViewController.swift */ = {isa = PBXFileReference; lastKnownFileType = sourcecode.swift; path = ViewController.swift; sourceTree = "<group>"; };
		6C8D2B00252AC56E007B85DC /* Base */ = {isa = PBXFileReference; lastKnownFileType = file.storyboard; name = Base; path = Base.lproj/Main.storyboard; sourceTree = "<group>"; };
		6C8D2B02252AC570007B85DC /* Assets.xcassets */ = {isa = PBXFileReference; lastKnownFileType = folder.assetcatalog; path = Assets.xcassets; sourceTree = "<group>"; };
		6C8D2B05252AC570007B85DC /* Base */ = {isa = PBXFileReference; lastKnownFileType = file.storyboard; name = Base; path = Base.lproj/LaunchScreen.storyboard; sourceTree = "<group>"; };
		6C8D2B07252AC570007B85DC /* Info.plist */ = {isa = PBXFileReference; lastKnownFileType = text.plist.xml; path = Info.plist; sourceTree = "<group>"; };
		6C8D2B43252D5CE7007B85DC /* Onboarding.storyboard */ = {isa = PBXFileReference; lastKnownFileType = file.storyboard; path = Onboarding.storyboard; sourceTree = "<group>"; };
		6C8D2B47252D5D7A007B85DC /* Order.storyboard */ = {isa = PBXFileReference; fileEncoding = 4; lastKnownFileType = file.storyboard; path = Order.storyboard; sourceTree = "<group>"; };
		6C8D2B4B252D76BE007B85DC /* InventoryViewController.swift */ = {isa = PBXFileReference; lastKnownFileType = sourcecode.swift; path = InventoryViewController.swift; sourceTree = "<group>"; };
		6C8D2B4D252EB671007B85DC /* OrderVC.swift */ = {isa = PBXFileReference; lastKnownFileType = sourcecode.swift; path = OrderVC.swift; sourceTree = "<group>"; };
		6C8D2B7E253D2F6F007B85DC /* Profile.storyboard */ = {isa = PBXFileReference; fileEncoding = 4; lastKnownFileType = file.storyboard; path = Profile.storyboard; sourceTree = "<group>"; };
		6C8D2B80253D2F88007B85DC /* Inventory.storyboard */ = {isa = PBXFileReference; fileEncoding = 4; lastKnownFileType = file.storyboard; path = Inventory.storyboard; sourceTree = "<group>"; };
		6C8D2B84253DDBDA007B85DC /* product.swift */ = {isa = PBXFileReference; lastKnownFileType = sourcecode.swift; path = product.swift; sourceTree = "<group>"; };
		6C8D2B85253DDBDA007B85DC /* product.xib */ = {isa = PBXFileReference; lastKnownFileType = file.xib; path = product.xib; sourceTree = "<group>"; };
		6CA03B59253FD5FB0055A29C /* OrderTableViewCell.swift */ = {isa = PBXFileReference; lastKnownFileType = sourcecode.swift; path = OrderTableViewCell.swift; sourceTree = "<group>"; };
		6CA03B5A253FD5FB0055A29C /* OrderTableViewCell.xib */ = {isa = PBXFileReference; lastKnownFileType = file.xib; path = OrderTableViewCell.xib; sourceTree = "<group>"; };
		6CA03B5D253FF04B0055A29C /* InventoryTableVC.swift */ = {isa = PBXFileReference; lastKnownFileType = sourcecode.swift; path = InventoryTableVC.swift; sourceTree = "<group>"; };
		6CA03B5F2540B6500055A29C /* ChooseOrderVC.swift */ = {isa = PBXFileReference; lastKnownFileType = sourcecode.swift; path = ChooseOrderVC.swift; sourceTree = "<group>"; };
		6CA03B612540B7030055A29C /* ChooseOrderCell.swift */ = {isa = PBXFileReference; lastKnownFileType = sourcecode.swift; path = ChooseOrderCell.swift; sourceTree = "<group>"; };
		6CA03B622540B7030055A29C /* ChooseOrderCell.xib */ = {isa = PBXFileReference; lastKnownFileType = file.xib; path = ChooseOrderCell.xib; sourceTree = "<group>"; };
		6CA03B652541280E0055A29C /* BestSellerTableVC.swift */ = {isa = PBXFileReference; lastKnownFileType = sourcecode.swift; path = BestSellerTableVC.swift; sourceTree = "<group>"; };
		6CA03B67254128240055A29C /* FavoritesTableVC.swift */ = {isa = PBXFileReference; lastKnownFileType = sourcecode.swift; path = FavoritesTableVC.swift; sourceTree = "<group>"; };
		6CA03B692541283F0055A29C /* LowOnStockTableVC.swift */ = {isa = PBXFileReference; lastKnownFileType = sourcecode.swift; path = LowOnStockTableVC.swift; sourceTree = "<group>"; };
		6CA03B6B25412E690055A29C /* addProductViewController.swift */ = {isa = PBXFileReference; lastKnownFileType = sourcecode.swift; path = addProductViewController.swift; sourceTree = "<group>"; };
		6CF436E4254672DF006F010D /* orderBuyersVC.swift */ = {isa = PBXFileReference; lastKnownFileType = sourcecode.swift; path = orderBuyersVC.swift; sourceTree = "<group>"; };
		6CF436E62546767D006F010D /* orderBuyerCell.swift */ = {isa = PBXFileReference; lastKnownFileType = sourcecode.swift; path = orderBuyerCell.swift; sourceTree = "<group>"; };
		6CF436E72546767D006F010D /* orderBuyerCell.xib */ = {isa = PBXFileReference; lastKnownFileType = file.xib; path = orderBuyerCell.xib; sourceTree = "<group>"; };
		6CF436EA25467D3C006F010D /* orderListCell.swift */ = {isa = PBXFileReference; lastKnownFileType = sourcecode.swift; path = orderListCell.swift; sourceTree = "<group>"; };
		6CF436EB25467D3C006F010D /* orderListCell.xib */ = {isa = PBXFileReference; lastKnownFileType = file.xib; path = orderListCell.xib; sourceTree = "<group>"; };
		6CF436EE254681A0006F010D /* orderBuyerCell2.swift */ = {isa = PBXFileReference; lastKnownFileType = sourcecode.swift; path = orderBuyerCell2.swift; sourceTree = "<group>"; };
		6CF436EF254681A0006F010D /* orderBuyerCell2.xib */ = {isa = PBXFileReference; lastKnownFileType = file.xib; path = orderBuyerCell2.xib; sourceTree = "<group>"; };
		6CF436F225472435006F010D /* OrderBuyerInformationCell.swift */ = {isa = PBXFileReference; lastKnownFileType = sourcecode.swift; path = OrderBuyerInformationCell.swift; sourceTree = "<group>"; };
		6CF436F325472435006F010D /* OrderBuyerInformationCell.xib */ = {isa = PBXFileReference; lastKnownFileType = file.xib; path = OrderBuyerInformationCell.xib; sourceTree = "<group>"; };
		6CF436F625472962006F010D /* OrderDetailVC.swift */ = {isa = PBXFileReference; lastKnownFileType = sourcecode.swift; path = OrderDetailVC.swift; sourceTree = "<group>"; };
		6CF436F82547B8C1006F010D /* buttonNextCell.swift */ = {isa = PBXFileReference; lastKnownFileType = sourcecode.swift; path = buttonNextCell.swift; sourceTree = "<group>"; };
		6CF436F92547B8C1006F010D /* buttonNextCell.xib */ = {isa = PBXFileReference; lastKnownFileType = file.xib; path = buttonNextCell.xib; sourceTree = "<group>"; };
		6CF436FC254F729A006F010D /* RegisterModel.swift */ = {isa = PBXFileReference; lastKnownFileType = sourcecode.swift; path = RegisterModel.swift; sourceTree = "<group>"; };
		6CF43703254F777D006F010D /* RegisterViewController.swift */ = {isa = PBXFileReference; lastKnownFileType = sourcecode.swift; path = RegisterViewController.swift; sourceTree = "<group>"; };
		6CF43705254F82AC006F010D /* LoginModel.swift */ = {isa = PBXFileReference; lastKnownFileType = sourcecode.swift; path = LoginModel.swift; sourceTree = "<group>"; };
		6CF43707254F8359006F010D /* LoginViewController.swift */ = {isa = PBXFileReference; lastKnownFileType = sourcecode.swift; path = LoginViewController.swift; sourceTree = "<group>"; };
		6CF43713254FA550006F010D /* APIManager.swift */ = {isa = PBXFileReference; fileEncoding = 4; lastKnownFileType = sourcecode.swift; path = APIManager.swift; sourceTree = "<group>"; };
		6CF43724254FAD42006F010D /* ModelLogin.swift */ = {isa = PBXFileReference; lastKnownFileType = sourcecode.swift; path = ModelLogin.swift; sourceTree = "<group>"; };
		6CF43726254FAD76006F010D /* LoginVC.swift */ = {isa = PBXFileReference; lastKnownFileType = sourcecode.swift; path = LoginVC.swift; sourceTree = "<group>"; };
		6CF43728254FADA6006F010D /* ModelRegister.swift */ = {isa = PBXFileReference; lastKnownFileType = sourcecode.swift; path = ModelRegister.swift; sourceTree = "<group>"; };
		6CF4372A254FADE6006F010D /* RegisterVC.swift */ = {isa = PBXFileReference; lastKnownFileType = sourcecode.swift; path = RegisterVC.swift; sourceTree = "<group>"; };
		BF0EE303255243F800DBB23A /* HomeTabBarVC.swift */ = {isa = PBXFileReference; lastKnownFileType = sourcecode.swift; path = HomeTabBarVC.swift; sourceTree = "<group>"; };
		BF464C0C2550F96800F6EB8F /* Helper.swift */ = {isa = PBXFileReference; lastKnownFileType = sourcecode.swift; path = Helper.swift; sourceTree = "<group>"; };
		BF6CC66C25428B2800D634EF /* LoginEcommerce.storyboard */ = {isa = PBXFileReference; lastKnownFileType = file.storyboard; name = LoginEcommerce.storyboard; path = Imanage/LoginEcommerce.storyboard; sourceTree = SOURCE_ROOT; };
		BF6CC66F25428B9900D634EF /* ProfileVC.swift */ = {isa = PBXFileReference; lastKnownFileType = sourcecode.swift; path = ProfileVC.swift; sourceTree = "<group>"; };
		BF6CC67325428BAF00D634EF /* LoginEcommerceVC.swift */ = {isa = PBXFileReference; lastKnownFileType = sourcecode.swift; path = LoginEcommerceVC.swift; sourceTree = "<group>"; };
		BF6CC6772547EB6300D634EF /* SettingVC.swift */ = {isa = PBXFileReference; lastKnownFileType = sourcecode.swift; path = SettingVC.swift; sourceTree = "<group>"; };
/* End PBXFileReference section */

/* Begin PBXFrameworksBuildPhase section */
		6C8D2AF3252AC56E007B85DC /* Frameworks */ = {
			isa = PBXFrameworksBuildPhase;
			buildActionMask = 2147483647;
			files = (
				6CF43702254F7433006F010D /* Alamofire in Frameworks */,
			);
			runOnlyForDeploymentPostprocessing = 0;
		};
/* End PBXFrameworksBuildPhase section */

/* Begin PBXGroup section */
		6C8D2AED252AC56E007B85DC = {
			isa = PBXGroup;
			children = (
				6C8D2AF8252AC56E007B85DC /* Imanage */,
				6C8D2AF7252AC56E007B85DC /* Products */,
				6CF4370A254FA4DE006F010D /* Recovered References */,
			);
			sourceTree = "<group>";
		};
		6C8D2AF7252AC56E007B85DC /* Products */ = {
			isa = PBXGroup;
			children = (
				6C8D2AF6252AC56E007B85DC /* Imanage.app */,
			);
			name = Products;
			sourceTree = "<group>";
		};
		6C8D2AF8252AC56E007B85DC /* Imanage */ = {
			isa = PBXGroup;
			children = (
				BF6CC663254281AD00D634EF /* Utilities */,
				6C8D2B38252C2EC7007B85DC /* Onboarding */,
				6C8D2B7125394791007B85DC /* Pages */,
				6C8D2AF9252AC56E007B85DC /* AppDelegate.swift */,
				6C8D2AFB252AC56E007B85DC /* SceneDelegate.swift */,
				6C8D2AFD252AC56E007B85DC /* ViewController.swift */,
				6C8D2AFF252AC56E007B85DC /* Main.storyboard */,
				6C8D2B02252AC570007B85DC /* Assets.xcassets */,
				6C8D2B04252AC570007B85DC /* LaunchScreen.storyboard */,
				6C8D2B07252AC570007B85DC /* Info.plist */,
			);
			path = Imanage;
			sourceTree = "<group>";
		};
		6C8D2B2D252C2D56007B85DC /* Inventory */ = {
			isa = PBXGroup;
			children = (
				6C8D2B32252C2E3F007B85DC /* Controller */,
				6C8D2B31252C2E39007B85DC /* View */,
			);
			path = Inventory;
			sourceTree = "<group>";
		};
		6C8D2B2E252C2D6F007B85DC /* Order */ = {
			isa = PBXGroup;
			children = (
				6C8D2B33252C2E4F007B85DC /* Controller */,
				6C8D2B34252C2E58007B85DC /* View */,
			);
			path = Order;
			sourceTree = "<group>";
		};
		6C8D2B2F252C2D77007B85DC /* Profile */ = {
			isa = PBXGroup;
			children = (
				6C8D2B36252C2E68007B85DC /* View */,
				BF6CC66A254282BB00D634EF /* Controller */,
			);
			path = Profile;
			sourceTree = "<group>";
		};
		6C8D2B31252C2E39007B85DC /* View */ = {
			isa = PBXGroup;
			children = (
				6C8D2B85253DDBDA007B85DC /* product.xib */,
				6C8D2B80253D2F88007B85DC /* Inventory.storyboard */,
			);
			path = View;
			sourceTree = "<group>";
		};
		6C8D2B32252C2E3F007B85DC /* Controller */ = {
			isa = PBXGroup;
			children = (
				6C8D2B4B252D76BE007B85DC /* InventoryViewController.swift */,
				6C8D2B84253DDBDA007B85DC /* product.swift */,
				6CA03B5D253FF04B0055A29C /* InventoryTableVC.swift */,
				6CA03B652541280E0055A29C /* BestSellerTableVC.swift */,
				6CA03B67254128240055A29C /* FavoritesTableVC.swift */,
				6CA03B692541283F0055A29C /* LowOnStockTableVC.swift */,
				6CA03B6B25412E690055A29C /* addProductViewController.swift */,
			);
			path = Controller;
			sourceTree = "<group>";
		};
		6C8D2B33252C2E4F007B85DC /* Controller */ = {
			isa = PBXGroup;
			children = (
				6C8D2B4D252EB671007B85DC /* OrderVC.swift */,
				6CA03B59253FD5FB0055A29C /* OrderTableViewCell.swift */,
				6CA03B5F2540B6500055A29C /* ChooseOrderVC.swift */,
				6CA03B612540B7030055A29C /* ChooseOrderCell.swift */,
				6CF436E4254672DF006F010D /* orderBuyersVC.swift */,
				6CF436E62546767D006F010D /* orderBuyerCell.swift */,
				6CF436EA25467D3C006F010D /* orderListCell.swift */,
				6CF436EE254681A0006F010D /* orderBuyerCell2.swift */,
				6CF436F225472435006F010D /* OrderBuyerInformationCell.swift */,
				6CF436F625472962006F010D /* OrderDetailVC.swift */,
				6CF436F82547B8C1006F010D /* buttonNextCell.swift */,
			);
			path = Controller;
			sourceTree = "<group>";
		};
		6C8D2B34252C2E58007B85DC /* View */ = {
			isa = PBXGroup;
			children = (
				6CF436F92547B8C1006F010D /* buttonNextCell.xib */,
				6CF436F325472435006F010D /* OrderBuyerInformationCell.xib */,
				6CF436EF254681A0006F010D /* orderBuyerCell2.xib */,
				6CF436EB25467D3C006F010D /* orderListCell.xib */,
				6CF436E72546767D006F010D /* orderBuyerCell.xib */,
				6CA03B622540B7030055A29C /* ChooseOrderCell.xib */,
				6C8D2B47252D5D7A007B85DC /* Order.storyboard */,
				6CA03B5A253FD5FB0055A29C /* OrderTableViewCell.xib */,
			);
			path = View;
			sourceTree = "<group>";
		};
		6C8D2B36252C2E68007B85DC /* View */ = {
			isa = PBXGroup;
			children = (
				6C8D2B7E253D2F6F007B85DC /* Profile.storyboard */,
				BF6CC66C25428B2800D634EF /* LoginEcommerce.storyboard */,
			);
			path = View;
			sourceTree = "<group>";
		};
		6C8D2B38252C2EC7007B85DC /* Onboarding */ = {
			isa = PBXGroup;
			children = (
				BF464BE82547EF5900F6EB8F /* Controller */,
				6C8D2B39252C2ED0007B85DC /* VIew */,
			);
			path = Onboarding;
			sourceTree = "<group>";
		};
		6C8D2B39252C2ED0007B85DC /* VIew */ = {
			isa = PBXGroup;
			children = (
				6C8D2B43252D5CE7007B85DC /* Onboarding.storyboard */,
			);
			path = VIew;
			sourceTree = "<group>";
		};
		6C8D2B7125394791007B85DC /* Pages */ = {
			isa = PBXGroup;
			children = (
				6C8D2B2E252C2D6F007B85DC /* Order */,
				6C8D2B2D252C2D56007B85DC /* Inventory */,
				6C8D2B2F252C2D77007B85DC /* Profile */,
			);
			path = Pages;
			sourceTree = "<group>";
		};
		6CF4370A254FA4DE006F010D /* Recovered References */ = {
			isa = PBXGroup;
			children = (
				6CF43703254F777D006F010D /* RegisterViewController.swift */,
				6CF436FC254F729A006F010D /* RegisterModel.swift */,
				6CF43705254F82AC006F010D /* LoginModel.swift */,
				6CF43707254F8359006F010D /* LoginViewController.swift */,
			);
			name = "Recovered References";
			sourceTree = "<group>";
		};
		BF464BE82547EF5900F6EB8F /* Controller */ = {
			isa = PBXGroup;
			children = (
				6CF43724254FAD42006F010D /* ModelLogin.swift */,
				6CF43726254FAD76006F010D /* LoginVC.swift */,
				6CF43728254FADA6006F010D /* ModelRegister.swift */,
				6CF4372A254FADE6006F010D /* RegisterVC.swift */,
				BF0EE303255243F800DBB23A /* HomeTabBarVC.swift */,
			);
			path = Controller;
			sourceTree = "<group>";
		};
		BF6CC663254281AD00D634EF /* Utilities */ = {
			isa = PBXGroup;
			children = (
				BF6CC664254281C400D634EF /* Networking */,
				BF464C0C2550F96800F6EB8F /* Helper.swift */,
			);
			path = Utilities;
			sourceTree = "<group>";
		};
		BF6CC664254281C400D634EF /* Networking */ = {
			isa = PBXGroup;
			children = (
				6CF43713254FA550006F010D /* APIManager.swift */,
			);
			path = Networking;
			sourceTree = "<group>";
		};
		BF6CC66A254282BB00D634EF /* Controller */ = {
			isa = PBXGroup;
			children = (
				BF6CC66F25428B9900D634EF /* ProfileVC.swift */,
				BF6CC67325428BAF00D634EF /* LoginEcommerceVC.swift */,
				BF6CC6772547EB6300D634EF /* SettingVC.swift */,
			);
			path = Controller;
			sourceTree = "<group>";
		};
/* End PBXGroup section */

/* Begin PBXNativeTarget section */
		6C8D2AF5252AC56E007B85DC /* Imanage */ = {
			isa = PBXNativeTarget;
			buildConfigurationList = 6C8D2B0A252AC570007B85DC /* Build configuration list for PBXNativeTarget "Imanage" */;
			buildPhases = (
				6C8D2AF2252AC56E007B85DC /* Sources */,
				6C8D2AF3252AC56E007B85DC /* Frameworks */,
				6C8D2AF4252AC56E007B85DC /* Resources */,
			);
			buildRules = (
			);
			dependencies = (
			);
			name = Imanage;
			packageProductDependencies = (
				6CF43701254F7433006F010D /* Alamofire */,
			);
			productName = Imanage;
			productReference = 6C8D2AF6252AC56E007B85DC /* Imanage.app */;
			productType = "com.apple.product-type.application";
		};
/* End PBXNativeTarget section */

/* Begin PBXProject section */
		6C8D2AEE252AC56E007B85DC /* Project object */ = {
			isa = PBXProject;
			attributes = {
				LastSwiftUpdateCheck = 1160;
				LastUpgradeCheck = 1160;
				ORGANIZATIONNAME = "Aries Dwi Prasetiyo";
				TargetAttributes = {
					6C8D2AF5252AC56E007B85DC = {
						CreatedOnToolsVersion = 11.6;
					};
				};
			};
			buildConfigurationList = 6C8D2AF1252AC56E007B85DC /* Build configuration list for PBXProject "Imanage" */;
			compatibilityVersion = "Xcode 9.3";
			developmentRegion = en;
			hasScannedForEncodings = 0;
			knownRegions = (
				en,
				Base,
			);
			mainGroup = 6C8D2AED252AC56E007B85DC;
			packageReferences = (
				6CF43700254F7433006F010D /* XCRemoteSwiftPackageReference "Alamofire" */,
			);
			productRefGroup = 6C8D2AF7252AC56E007B85DC /* Products */;
			projectDirPath = "";
			projectRoot = "";
			targets = (
				6C8D2AF5252AC56E007B85DC /* Imanage */,
			);
		};
/* End PBXProject section */

/* Begin PBXResourcesBuildPhase section */
		6C8D2AF4252AC56E007B85DC /* Resources */ = {
			isa = PBXResourcesBuildPhase;
			buildActionMask = 2147483647;
			files = (
				6C8D2B06252AC570007B85DC /* LaunchScreen.storyboard in Resources */,
				6CF436F525472435006F010D /* OrderBuyerInformationCell.xib in Resources */,
				6C8D2B03252AC570007B85DC /* Assets.xcassets in Resources */,
				6C8D2B7F253D2F6F007B85DC /* Profile.storyboard in Resources */,
				6CA03B642540B7030055A29C /* ChooseOrderCell.xib in Resources */,
				6CF436E92546767D006F010D /* orderBuyerCell.xib in Resources */,
				6CF436FB2547B8C1006F010D /* buttonNextCell.xib in Resources */,
				6CA03B5C253FD5FB0055A29C /* OrderTableViewCell.xib in Resources */,
				6CF436ED25467D3C006F010D /* orderListCell.xib in Resources */,
				6C8D2B01252AC56E007B85DC /* Main.storyboard in Resources */,
				6C8D2B44252D5CE7007B85DC /* Onboarding.storyboard in Resources */,
				6C8D2B87253DDBDA007B85DC /* product.xib in Resources */,
				6C8D2B48252D5D7A007B85DC /* Order.storyboard in Resources */,
				6CF436F1254681A0006F010D /* orderBuyerCell2.xib in Resources */,
				6C8D2B81253D2F88007B85DC /* Inventory.storyboard in Resources */,
				BF6CC66D25428B2800D634EF /* LoginEcommerce.storyboard in Resources */,
			);
			runOnlyForDeploymentPostprocessing = 0;
		};
/* End PBXResourcesBuildPhase section */

/* Begin PBXSourcesBuildPhase section */
		6C8D2AF2252AC56E007B85DC /* Sources */ = {
			isa = PBXSourcesBuildPhase;
			buildActionMask = 2147483647;
			files = (
				6CA03B662541280E0055A29C /* BestSellerTableVC.swift in Sources */,
				6CA03B68254128240055A29C /* FavoritesTableVC.swift in Sources */,
				6CF436FA2547B8C1006F010D /* buttonNextCell.swift in Sources */,
				6CF43725254FAD42006F010D /* ModelLogin.swift in Sources */,
				6CF436EC25467D3C006F010D /* orderListCell.swift in Sources */,
				6CF436E82546767D006F010D /* orderBuyerCell.swift in Sources */,
				6CA03B5E253FF04B0055A29C /* InventoryTableVC.swift in Sources */,
				6CF43727254FAD76006F010D /* LoginVC.swift in Sources */,
				6CA03B632540B7030055A29C /* ChooseOrderCell.swift in Sources */,
				6CA03B602540B6500055A29C /* ChooseOrderVC.swift in Sources */,
				6CF4372C254FAF9C006F010D /* APIManager.swift in Sources */,
				6C8D2AFE252AC56E007B85DC /* ViewController.swift in Sources */,
				6CF4372B254FADE6006F010D /* RegisterVC.swift in Sources */,
				6C8D2B4C252D76BE007B85DC /* InventoryViewController.swift in Sources */,
				BF464C0D2550F96800F6EB8F /* Helper.swift in Sources */,
				6CF43729254FADA6006F010D /* ModelRegister.swift in Sources */,
				6CF436F0254681A0006F010D /* orderBuyerCell2.swift in Sources */,
				6CF436E5254672DF006F010D /* orderBuyersVC.swift in Sources */,
				6C8D2AFA252AC56E007B85DC /* AppDelegate.swift in Sources */,
				6CA03B5B253FD5FB0055A29C /* OrderTableViewCell.swift in Sources */,
				6C8D2AFC252AC56E007B85DC /* SceneDelegate.swift in Sources */,
				6CF436F725472962006F010D /* OrderDetailVC.swift in Sources */,
				6CA03B6C25412E690055A29C /* addProductViewController.swift in Sources */,
				BF6CC6782547EB6300D634EF /* SettingVC.swift in Sources */,
				6CA03B6A2541283F0055A29C /* LowOnStockTableVC.swift in Sources */,
				6C8D2B86253DDBDA007B85DC /* product.swift in Sources */,
				6C8D2B4E252EB671007B85DC /* OrderVC.swift in Sources */,
				BF0EE304255243F800DBB23A /* HomeTabBarVC.swift in Sources */,
				BF6CC67025428B9900D634EF /* ProfileVC.swift in Sources */,
				6C8D2B4E252EB671007B85DC /* OrderVC.swift in Sources */,
				BF6CC67425428BAF00D634EF /* LoginEcommerceVC.swift in Sources */,
				6CF436F425472435006F010D /* OrderBuyerInformationCell.swift in Sources */,
			);
			runOnlyForDeploymentPostprocessing = 0;
		};
/* End PBXSourcesBuildPhase section */

/* Begin PBXVariantGroup section */
		6C8D2AFF252AC56E007B85DC /* Main.storyboard */ = {
			isa = PBXVariantGroup;
			children = (
				6C8D2B00252AC56E007B85DC /* Base */,
			);
			name = Main.storyboard;
			sourceTree = "<group>";
		};
		6C8D2B04252AC570007B85DC /* LaunchScreen.storyboard */ = {
			isa = PBXVariantGroup;
			children = (
				6C8D2B05252AC570007B85DC /* Base */,
			);
			name = LaunchScreen.storyboard;
			sourceTree = "<group>";
		};
/* End PBXVariantGroup section */

/* Begin XCBuildConfiguration section */
		6C8D2B08252AC570007B85DC /* Debug */ = {
			isa = XCBuildConfiguration;
			buildSettings = {
				ALWAYS_SEARCH_USER_PATHS = NO;
				CLANG_ANALYZER_NONNULL = YES;
				CLANG_ANALYZER_NUMBER_OBJECT_CONVERSION = YES_AGGRESSIVE;
				CLANG_CXX_LANGUAGE_STANDARD = "gnu++14";
				CLANG_CXX_LIBRARY = "libc++";
				CLANG_ENABLE_MODULES = YES;
				CLANG_ENABLE_OBJC_ARC = YES;
				CLANG_ENABLE_OBJC_WEAK = YES;
				CLANG_WARN_BLOCK_CAPTURE_AUTORELEASING = YES;
				CLANG_WARN_BOOL_CONVERSION = YES;
				CLANG_WARN_COMMA = YES;
				CLANG_WARN_CONSTANT_CONVERSION = YES;
				CLANG_WARN_DEPRECATED_OBJC_IMPLEMENTATIONS = YES;
				CLANG_WARN_DIRECT_OBJC_ISA_USAGE = YES_ERROR;
				CLANG_WARN_DOCUMENTATION_COMMENTS = YES;
				CLANG_WARN_EMPTY_BODY = YES;
				CLANG_WARN_ENUM_CONVERSION = YES;
				CLANG_WARN_INFINITE_RECURSION = YES;
				CLANG_WARN_INT_CONVERSION = YES;
				CLANG_WARN_NON_LITERAL_NULL_CONVERSION = YES;
				CLANG_WARN_OBJC_IMPLICIT_RETAIN_SELF = YES;
				CLANG_WARN_OBJC_LITERAL_CONVERSION = YES;
				CLANG_WARN_OBJC_ROOT_CLASS = YES_ERROR;
				CLANG_WARN_RANGE_LOOP_ANALYSIS = YES;
				CLANG_WARN_STRICT_PROTOTYPES = YES;
				CLANG_WARN_SUSPICIOUS_MOVE = YES;
				CLANG_WARN_UNGUARDED_AVAILABILITY = YES_AGGRESSIVE;
				CLANG_WARN_UNREACHABLE_CODE = YES;
				CLANG_WARN__DUPLICATE_METHOD_MATCH = YES;
				COPY_PHASE_STRIP = NO;
				DEBUG_INFORMATION_FORMAT = dwarf;
				ENABLE_STRICT_OBJC_MSGSEND = YES;
				ENABLE_TESTABILITY = YES;
				GCC_C_LANGUAGE_STANDARD = gnu11;
				GCC_DYNAMIC_NO_PIC = NO;
				GCC_NO_COMMON_BLOCKS = YES;
				GCC_OPTIMIZATION_LEVEL = 0;
				GCC_PREPROCESSOR_DEFINITIONS = (
					"DEBUG=1",
					"$(inherited)",
				);
				GCC_WARN_64_TO_32_BIT_CONVERSION = YES;
				GCC_WARN_ABOUT_RETURN_TYPE = YES_ERROR;
				GCC_WARN_UNDECLARED_SELECTOR = YES;
				GCC_WARN_UNINITIALIZED_AUTOS = YES_AGGRESSIVE;
				GCC_WARN_UNUSED_FUNCTION = YES;
				GCC_WARN_UNUSED_VARIABLE = YES;
				"INFOPLIST_FILE[sdk=*]" = Imanage/info.plist;
				IPHONEOS_DEPLOYMENT_TARGET = 13.6;
				MTL_ENABLE_DEBUG_INFO = INCLUDE_SOURCE;
				MTL_FAST_MATH = YES;
				ONLY_ACTIVE_ARCH = YES;
				SDKROOT = iphoneos;
				SWIFT_ACTIVE_COMPILATION_CONDITIONS = DEBUG;
				SWIFT_OPTIMIZATION_LEVEL = "-Onone";
			};
			name = Debug;
		};
		6C8D2B09252AC570007B85DC /* Release */ = {
			isa = XCBuildConfiguration;
			buildSettings = {
				ALWAYS_SEARCH_USER_PATHS = NO;
				CLANG_ANALYZER_NONNULL = YES;
				CLANG_ANALYZER_NUMBER_OBJECT_CONVERSION = YES_AGGRESSIVE;
				CLANG_CXX_LANGUAGE_STANDARD = "gnu++14";
				CLANG_CXX_LIBRARY = "libc++";
				CLANG_ENABLE_MODULES = YES;
				CLANG_ENABLE_OBJC_ARC = YES;
				CLANG_ENABLE_OBJC_WEAK = YES;
				CLANG_WARN_BLOCK_CAPTURE_AUTORELEASING = YES;
				CLANG_WARN_BOOL_CONVERSION = YES;
				CLANG_WARN_COMMA = YES;
				CLANG_WARN_CONSTANT_CONVERSION = YES;
				CLANG_WARN_DEPRECATED_OBJC_IMPLEMENTATIONS = YES;
				CLANG_WARN_DIRECT_OBJC_ISA_USAGE = YES_ERROR;
				CLANG_WARN_DOCUMENTATION_COMMENTS = YES;
				CLANG_WARN_EMPTY_BODY = YES;
				CLANG_WARN_ENUM_CONVERSION = YES;
				CLANG_WARN_INFINITE_RECURSION = YES;
				CLANG_WARN_INT_CONVERSION = YES;
				CLANG_WARN_NON_LITERAL_NULL_CONVERSION = YES;
				CLANG_WARN_OBJC_IMPLICIT_RETAIN_SELF = YES;
				CLANG_WARN_OBJC_LITERAL_CONVERSION = YES;
				CLANG_WARN_OBJC_ROOT_CLASS = YES_ERROR;
				CLANG_WARN_RANGE_LOOP_ANALYSIS = YES;
				CLANG_WARN_STRICT_PROTOTYPES = YES;
				CLANG_WARN_SUSPICIOUS_MOVE = YES;
				CLANG_WARN_UNGUARDED_AVAILABILITY = YES_AGGRESSIVE;
				CLANG_WARN_UNREACHABLE_CODE = YES;
				CLANG_WARN__DUPLICATE_METHOD_MATCH = YES;
				COPY_PHASE_STRIP = NO;
				DEBUG_INFORMATION_FORMAT = "dwarf-with-dsym";
				ENABLE_NS_ASSERTIONS = NO;
				ENABLE_STRICT_OBJC_MSGSEND = YES;
				GCC_C_LANGUAGE_STANDARD = gnu11;
				GCC_NO_COMMON_BLOCKS = YES;
				GCC_WARN_64_TO_32_BIT_CONVERSION = YES;
				GCC_WARN_ABOUT_RETURN_TYPE = YES_ERROR;
				GCC_WARN_UNDECLARED_SELECTOR = YES;
				GCC_WARN_UNINITIALIZED_AUTOS = YES_AGGRESSIVE;
				GCC_WARN_UNUSED_FUNCTION = YES;
				GCC_WARN_UNUSED_VARIABLE = YES;
				"INFOPLIST_FILE[sdk=*]" = Imanage/info.plist;
				IPHONEOS_DEPLOYMENT_TARGET = 13.6;
				MTL_ENABLE_DEBUG_INFO = NO;
				MTL_FAST_MATH = YES;
				SDKROOT = iphoneos;
				SWIFT_COMPILATION_MODE = wholemodule;
				SWIFT_OPTIMIZATION_LEVEL = "-O";
				VALIDATE_PRODUCT = YES;
			};
			name = Release;
		};
		6C8D2B0B252AC570007B85DC /* Debug */ = {
			isa = XCBuildConfiguration;
			buildSettings = {
				ASSETCATALOG_COMPILER_APPICON_NAME = AppIcon;
				CODE_SIGN_STYLE = Automatic;
				DEVELOPMENT_TEAM = 7JCMY2N255;
				INFOPLIST_FILE = Imanage/Info.plist;
				LD_RUNPATH_SEARCH_PATHS = (
					"$(inherited)",
					"@executable_path/Frameworks",
				);
				PRODUCT_BUNDLE_IDENTIFIER = aries.Imanage;
				PRODUCT_NAME = "$(TARGET_NAME)";
				SWIFT_VERSION = 5.0;
				TARGETED_DEVICE_FAMILY = "1,2";
			};
			name = Debug;
		};
		6C8D2B0C252AC570007B85DC /* Release */ = {
			isa = XCBuildConfiguration;
			buildSettings = {
				ASSETCATALOG_COMPILER_APPICON_NAME = AppIcon;
				CODE_SIGN_STYLE = Automatic;
				DEVELOPMENT_TEAM = 7JCMY2N255;
				INFOPLIST_FILE = Imanage/Info.plist;
				LD_RUNPATH_SEARCH_PATHS = (
					"$(inherited)",
					"@executable_path/Frameworks",
				);
				PRODUCT_BUNDLE_IDENTIFIER = aries.Imanage;
				PRODUCT_NAME = "$(TARGET_NAME)";
				SWIFT_VERSION = 5.0;
				TARGETED_DEVICE_FAMILY = "1,2";
			};
			name = Release;
		};
/* End XCBuildConfiguration section */

/* Begin XCConfigurationList section */
		6C8D2AF1252AC56E007B85DC /* Build configuration list for PBXProject "Imanage" */ = {
			isa = XCConfigurationList;
			buildConfigurations = (
				6C8D2B08252AC570007B85DC /* Debug */,
				6C8D2B09252AC570007B85DC /* Release */,
			);
			defaultConfigurationIsVisible = 0;
			defaultConfigurationName = Release;
		};
		6C8D2B0A252AC570007B85DC /* Build configuration list for PBXNativeTarget "Imanage" */ = {
			isa = XCConfigurationList;
			buildConfigurations = (
				6C8D2B0B252AC570007B85DC /* Debug */,
				6C8D2B0C252AC570007B85DC /* Release */,
			);
			defaultConfigurationIsVisible = 0;
			defaultConfigurationName = Release;
		};
/* End XCConfigurationList section */

/* Begin XCRemoteSwiftPackageReference section */
		6CF43700254F7433006F010D /* XCRemoteSwiftPackageReference "Alamofire" */ = {
			isa = XCRemoteSwiftPackageReference;
			repositoryURL = "https://github.com/Alamofire/Alamofire.git";
			requirement = {
				kind = upToNextMajorVersion;
				minimumVersion = 5.3.0;
			};
		};
/* End XCRemoteSwiftPackageReference section */

/* Begin XCSwiftPackageProductDependency section */
		6CF43701254F7433006F010D /* Alamofire */ = {
			isa = XCSwiftPackageProductDependency;
			package = 6CF43700254F7433006F010D /* XCRemoteSwiftPackageReference "Alamofire" */;
			productName = Alamofire;
		};
/* End XCSwiftPackageProductDependency section */
	};
	rootObject = 6C8D2AEE252AC56E007B85DC /* Project object */;
}
